
Microsoft Visual Studio Solution File, Format Version 12.00
# Visual Studio Version 17
VisualStudioVersion = 17.0.32014.148
MinimumVisualStudioVersion = 10.0.40219.1
Project("{9A19103F-16F7-4668-BE54-9A1E7A4F7556}") = "ConsoleApp", "src\ConsoleApp\ConsoleApp.csproj", "{6F29F4A2-1DB4-4912-8382-E6593FAD0302}"
EndProject
Project("{FAE04EC0-301F-11D3-BF4B-00C04F79EFBC}") = "Models", "src\Models\Models.csproj", "{74671408-D771-4AA5-88E9-4A357A7DF41C}"
EndProject
Global
	GlobalSection(SolutionConfigurationPlatforms) = preSolution
		Debug|Any CPU = Debug|Any CPU
		Release|Any CPU = Release|Any CPU
	EndGlobalSection
	GlobalSection(ProjectConfigurationPlatforms) = postSolution
		{6F29F4A2-1DB4-4912-8382-E6593FAD0302}.Debug|Any CPU.ActiveCfg = Debug|Any CPU
		{6F29F4A2-1DB4-4912-8382-E6593FAD0302}.Debug|Any CPU.Build.0 = Debug|Any CPU
		{6F29F4A2-1DB4-4912-8382-E6593FAD0302}.Release|Any CPU.ActiveCfg = Release|Any CPU
		{6F29F4A2-1DB4-4912-8382-E6593FAD0302}.Release|Any CPU.Build.0 = Release|Any CPU
		{74671408-D771-4AA5-88E9-4A357A7DF41C}.Debug|Any CPU.ActiveCfg = Debug|Any CPU
		{74671408-D771-4AA5-88E9-4A357A7DF41C}.Debug|Any CPU.Build.0 = Debug|Any CPU
		{74671408-D771-4AA5-88E9-4A357A7DF41C}.Release|Any CPU.ActiveCfg = Release|Any CPU
		{74671408-D771-4AA5-88E9-4A357A7DF41C}.Release|Any CPU.Build.0 = Release|Any CPU
	EndGlobalSection
	GlobalSection(SolutionProperties) = preSolution
		HideSolutionNode = FALSE
	EndGlobalSection
	GlobalSection(ExtensibilityGlobals) = postSolution
		SolutionGuid = {7BB9A993-DEC9-434F-B537-287AE57B4536}
	EndGlobalSection
EndGlobal
