
Microsoft Visual Studio Solution File, Format Version 12.00
# Visual Studio Version 17
VisualStudioVersion = 17.0.31912.275
MinimumVisualStudioVersion = 10.0.40219.1
Project("{9A19103F-16F7-4668-BE54-9A1E7A4F7556}") = "ConsoleApp", "src\1. POO\ConsoleApp\ConsoleApp.csproj", "{6F29F4A2-1DB4-4912-8382-E6593FAD0302}"
EndProject
Project("{9A19103F-16F7-4668-BE54-9A1E7A4F7556}") = "Models", "src\1. POO\Models\Models.csproj", "{74671408-D771-4AA5-88E9-4A357A7DF41C}"
EndProject
Project("{2150E333-8FDC-42A3-9474-1A3956D46DE8}") = "1 - POO", "1 - POO", "{68E8D371-E4AE-4544-8270-15D1E1505D4C}"
EndProject
Project("{2150E333-8FDC-42A3-9474-1A3956D46DE8}") = "2 - WCF", "2 - WCF", "{F09E2395-957C-4E7A-97B2-31A67AA0F1E0}"
EndProject
Project("{FAE04EC0-301F-11D3-BF4B-00C04F79EFBC}") = "WinApp", "src\2. WCF\WinApp\WinApp.csproj", "{5F52825C-2C89-4CEC-B39F-87DEC270AC63}"
	ProjectSection(ProjectDependencies) = postProject
		{417CF5B6-3F6D-4776-9853-C1ED74FC9B13} = {417CF5B6-3F6D-4776-9853-C1ED74FC9B13}
	EndProjectSection
EndProject
Project("{2150E333-8FDC-42A3-9474-1A3956D46DE8}") = "Client", "Client", "{B945D47C-6627-49F5-BE57-2A1A26DE32A2}"
EndProject
Project("{2150E333-8FDC-42A3-9474-1A3956D46DE8}") = "Server", "Server", "{534987F1-18D5-417C-8FB2-E533A4CCF435}"
EndProject
Project("{FAE04EC0-301F-11D3-BF4B-00C04F79EFBC}") = "WebApp", "src\2. WCF\WebApp\WebApp.csproj", "{417CF5B6-3F6D-4776-9853-C1ED74FC9B13}"
EndProject
Project("{2150E333-8FDC-42A3-9474-1A3956D46DE8}") = "Shared", "Shared", "{BDA1AD00-7A78-4DD8-8F46-73918C2997B5}"
EndProject
Project("{FAE04EC0-301F-11D3-BF4B-00C04F79EFBC}") = "Dtos", "src\2. WCF\Dtos\Dtos.csproj", "{15604D6C-7C0E-453C-82B6-65F196A8784A}"
EndProject
Global
	GlobalSection(SolutionConfigurationPlatforms) = preSolution
		Debug|Any CPU = Debug|Any CPU
		Release|Any CPU = Release|Any CPU
	EndGlobalSection
	GlobalSection(ProjectConfigurationPlatforms) = postSolution
		{6F29F4A2-1DB4-4912-8382-E6593FAD0302}.Debug|Any CPU.ActiveCfg = Debug|Any CPU
		{6F29F4A2-1DB4-4912-8382-E6593FAD0302}.Debug|Any CPU.Build.0 = Debug|Any CPU
		{6F29F4A2-1DB4-4912-8382-E6593FAD0302}.Release|Any CPU.ActiveCfg = Release|Any CPU
		{6F29F4A2-1DB4-4912-8382-E6593FAD0302}.Release|Any CPU.Build.0 = Release|Any CPU
		{74671408-D771-4AA5-88E9-4A357A7DF41C}.Debug|Any CPU.ActiveCfg = Debug|Any CPU
		{74671408-D771-4AA5-88E9-4A357A7DF41C}.Debug|Any CPU.Build.0 = Debug|Any CPU
		{74671408-D771-4AA5-88E9-4A357A7DF41C}.Release|Any CPU.ActiveCfg = Release|Any CPU
		{74671408-D771-4AA5-88E9-4A357A7DF41C}.Release|Any CPU.Build.0 = Release|Any CPU
		{5F52825C-2C89-4CEC-B39F-87DEC270AC63}.Debug|Any CPU.ActiveCfg = Debug|Any CPU
		{5F52825C-2C89-4CEC-B39F-87DEC270AC63}.Debug|Any CPU.Build.0 = Debug|Any CPU
		{5F52825C-2C89-4CEC-B39F-87DEC270AC63}.Release|Any CPU.ActiveCfg = Release|Any CPU
		{5F52825C-2C89-4CEC-B39F-87DEC270AC63}.Release|Any CPU.Build.0 = Release|Any CPU
		{417CF5B6-3F6D-4776-9853-C1ED74FC9B13}.Debug|Any CPU.ActiveCfg = Debug|Any CPU
		{417CF5B6-3F6D-4776-9853-C1ED74FC9B13}.Debug|Any CPU.Build.0 = Debug|Any CPU
		{417CF5B6-3F6D-4776-9853-C1ED74FC9B13}.Release|Any CPU.ActiveCfg = Release|Any CPU
		{417CF5B6-3F6D-4776-9853-C1ED74FC9B13}.Release|Any CPU.Build.0 = Release|Any CPU
		{15604D6C-7C0E-453C-82B6-65F196A8784A}.Debug|Any CPU.ActiveCfg = Debug|Any CPU
		{15604D6C-7C0E-453C-82B6-65F196A8784A}.Debug|Any CPU.Build.0 = Debug|Any CPU
		{15604D6C-7C0E-453C-82B6-65F196A8784A}.Release|Any CPU.ActiveCfg = Release|Any CPU
		{15604D6C-7C0E-453C-82B6-65F196A8784A}.Release|Any CPU.Build.0 = Release|Any CPU
	EndGlobalSection
	GlobalSection(SolutionProperties) = preSolution
		HideSolutionNode = FALSE
	EndGlobalSection
	GlobalSection(NestedProjects) = preSolution
		{6F29F4A2-1DB4-4912-8382-E6593FAD0302} = {68E8D371-E4AE-4544-8270-15D1E1505D4C}
		{74671408-D771-4AA5-88E9-4A357A7DF41C} = {68E8D371-E4AE-4544-8270-15D1E1505D4C}
		{5F52825C-2C89-4CEC-B39F-87DEC270AC63} = {B945D47C-6627-49F5-BE57-2A1A26DE32A2}
		{B945D47C-6627-49F5-BE57-2A1A26DE32A2} = {F09E2395-957C-4E7A-97B2-31A67AA0F1E0}
		{534987F1-18D5-417C-8FB2-E533A4CCF435} = {F09E2395-957C-4E7A-97B2-31A67AA0F1E0}
		{417CF5B6-3F6D-4776-9853-C1ED74FC9B13} = {534987F1-18D5-417C-8FB2-E533A4CCF435}
		{BDA1AD00-7A78-4DD8-8F46-73918C2997B5} = {F09E2395-957C-4E7A-97B2-31A67AA0F1E0}
		{15604D6C-7C0E-453C-82B6-65F196A8784A} = {BDA1AD00-7A78-4DD8-8F46-73918C2997B5}
	EndGlobalSection
	GlobalSection(ExtensibilityGlobals) = postSolution
		SolutionGuid = {7BB9A993-DEC9-434F-B537-287AE57B4536}
	EndGlobalSection
EndGlobal
