
Microsoft Visual Studio Solution File, Format Version 12.00
# Visual Studio Version 17
VisualStudioVersion = 17.1.32210.238
MinimumVisualStudioVersion = 10.0.40219.1
Project("{FAE04EC0-301F-11D3-BF4B-00C04F79EFBC}") = "MyBackend", "my-backend\MyBackend.csproj", "{FE911E4A-7A4A-4F9F-8316-6A8CA1E28E44}"
EndProject
Global
	GlobalSection(SolutionConfigurationPlatforms) = preSolution
		Debug|Any CPU = Debug|Any CPU
		Release|Any CPU = Release|Any CPU
	EndGlobalSection
	GlobalSection(ProjectConfigurationPlatforms) = postSolution
		{FE911E4A-7A4A-4F9F-8316-6A8CA1E28E44}.Debug|Any CPU.ActiveCfg = Debug|Any CPU
		{FE911E4A-7A4A-4F9F-8316-6A8CA1E28E44}.Debug|Any CPU.Build.0 = Debug|Any CPU
		{FE911E4A-7A4A-4F9F-8316-6A8CA1E28E44}.Release|Any CPU.ActiveCfg = Release|Any CPU
		{FE911E4A-7A4A-4F9F-8316-6A8CA1E28E44}.Release|Any CPU.Build.0 = Release|Any CPU
	EndGlobalSection
	GlobalSection(SolutionProperties) = preSolution
		HideSolutionNode = FALSE
	EndGlobalSection
	GlobalSection(ExtensibilityGlobals) = postSolution
		SolutionGuid = {7C02B38B-8F04-4E91-ABA3-85A759EC60E0}
	EndGlobalSection
EndGlobal
